// !$*UTF8*$!
{
	archiveVersion = 1;
	classes = {
	};
	objectVersion = 50;
	objects = {

/* Begin PBXBuildFile section */
		2281CADC25107F0100AAAEDA /* AppDelegate.swift in Sources */ = {isa = PBXBuildFile; fileRef = 2281CADB25107F0100AAAEDA /* AppDelegate.swift */; };
		2281CADE25107F0100AAAEDA /* SceneDelegate.swift in Sources */ = {isa = PBXBuildFile; fileRef = 2281CADD25107F0100AAAEDA /* SceneDelegate.swift */; };
		2281CAE025107F0100AAAEDA /* ViewController.swift in Sources */ = {isa = PBXBuildFile; fileRef = 2281CADF25107F0100AAAEDA /* ViewController.swift */; };
		2281CAE325107F0100AAAEDA /* Main.storyboard in Resources */ = {isa = PBXBuildFile; fileRef = 2281CAE125107F0100AAAEDA /* Main.storyboard */; };
		2281CAE525107F0400AAAEDA /* Assets.xcassets in Resources */ = {isa = PBXBuildFile; fileRef = 2281CAE425107F0400AAAEDA /* Assets.xcassets */; };
		2281CAE825107F0400AAAEDA /* LaunchScreen.storyboard in Resources */ = {isa = PBXBuildFile; fileRef = 2281CAE625107F0400AAAEDA /* LaunchScreen.storyboard */; };
/* End PBXBuildFile section */

/* Begin PBXFileReference section */
		2281CAD825107F0100AAAEDA /* Dance.app */ = {isa = PBXFileReference; explicitFileType = wrapper.application; includeInIndex = 0; path = Dance.app; sourceTree = BUILT_PRODUCTS_DIR; };
		2281CADB25107F0100AAAEDA /* AppDelegate.swift */ = {isa = PBXFileReference; lastKnownFileType = sourcecode.swift; path = AppDelegate.swift; sourceTree = "<group>"; };
		2281CADD25107F0100AAAEDA /* SceneDelegate.swift */ = {isa = PBXFileReference; lastKnownFileType = sourcecode.swift; path = SceneDelegate.swift; sourceTree = "<group>"; };
		2281CADF25107F0100AAAEDA /* ViewController.swift */ = {isa = PBXFileReference; lastKnownFileType = sourcecode.swift; path = ViewController.swift; sourceTree = "<group>"; };
		2281CAE225107F0100AAAEDA /* Base */ = {isa = PBXFileReference; lastKnownFileType = file.storyboard; name = Base; path = Base.lproj/Main.storyboard; sourceTree = "<group>"; };
		2281CAE425107F0400AAAEDA /* Assets.xcassets */ = {isa = PBXFileReference; lastKnownFileType = folder.assetcatalog; path = Assets.xcassets; sourceTree = "<group>"; };
		2281CAE725107F0400AAAEDA /* Base */ = {isa = PBXFileReference; lastKnownFileType = file.storyboard; name = Base; path = Base.lproj/LaunchScreen.storyboard; sourceTree = "<group>"; };
		2281CAE925107F0400AAAEDA /* Info.plist */ = {isa = PBXFileReference; lastKnownFileType = text.plist.xml; path = Info.plist; sourceTree = "<group>"; };
/* End PBXFileReference section */

/* Begin PBXFrameworksBuildPhase section */
		2281CAD525107F0100AAAEDA /* Frameworks */ = {
			isa = PBXFrameworksBuildPhase;
			buildActionMask = 2147483647;
			files = (
			);
			runOnlyForDeploymentPostprocessing = 0;
		};
/* End PBXFrameworksBuildPhase section */

/* Begin PBXGroup section */
		2281CACF25107F0100AAAEDA = {
			isa = PBXGroup;
			children = (
				2281CADA25107F0100AAAEDA /* Dance */,
				2281CAD925107F0100AAAEDA /* Products */,
			);
			sourceTree = "<group>";
		};
		2281CAD925107F0100AAAEDA /* Products */ = {
			isa = PBXGroup;
			children = (
				2281CAD825107F0100AAAEDA /* Dance.app */,
			);
			name = Products;
			sourceTree = "<group>";
		};
		2281CADA25107F0100AAAEDA /* Dance */ = {
			isa = PBXGroup;
			children = (
				2281CADB25107F0100AAAEDA /* AppDelegate.swift */,
				2281CADD25107F0100AAAEDA /* SceneDelegate.swift */,
				2281CADF25107F0100AAAEDA /* ViewController.swift */,
				2281CAE125107F0100AAAEDA /* Main.storyboard */,
				2281CAE425107F0400AAAEDA /* Assets.xcassets */,
				2281CAE625107F0400AAAEDA /* LaunchScreen.storyboard */,
				2281CAE925107F0400AAAEDA /* Info.plist */,
			);
			path = Dance;
			sourceTree = "<group>";
		};
/* End PBXGroup section */

/* Begin PBXNativeTarget section */
		2281CAD725107F0100AAAEDA /* Dance */ = {
			isa = PBXNativeTarget;
			buildConfigurationList = 2281CAEC25107F0400AAAEDA /* Build configuration list for PBXNativeTarget "Dance" */;
			buildPhases = (
				2281CAD425107F0100AAAEDA /* Sources */,
				2281CAD525107F0100AAAEDA /* Frameworks */,
				2281CAD625107F0100AAAEDA /* Resources */,
			);
			buildRules = (
			);
			dependencies = (
			);
			name = Dance;
			productName = Dance;
			productReference = 2281CAD825107F0100AAAEDA /* Dance.app */;
			productType = "com.apple.product-type.application";
		};
/* End PBXNativeTarget section */

/* Begin PBXProject section */
		2281CAD025107F0100AAAEDA /* Project object */ = {
			isa = PBXProject;
			attributes = {
				LastSwiftUpdateCheck = 1160;
				LastUpgradeCheck = 1160;
				ORGANIZATIONNAME = "Alua Zhakieva";
				TargetAttributes = {
					2281CAD725107F0100AAAEDA = {
						CreatedOnToolsVersion = 11.6;
					};
				};
			};
			buildConfigurationList = 2281CAD325107F0100AAAEDA /* Build configuration list for PBXProject "Dance" */;
			compatibilityVersion = "Xcode 9.3";
			developmentRegion = en;
			hasScannedForEncodings = 0;
			knownRegions = (
				en,
				Base,
			);
			mainGroup = 2281CACF25107F0100AAAEDA;
			productRefGroup = 2281CAD925107F0100AAAEDA /* Products */;
			projectDirPath = "";
			projectRoot = "";
			targets = (
				2281CAD725107F0100AAAEDA /* Dance */,
			);
		};
/* End PBXProject section */

/* Begin PBXResourcesBuildPhase section */
		2281CAD625107F0100AAAEDA /* Resources */ = {
			isa = PBXResourcesBuildPhase;
			buildActionMask = 2147483647;
			files = (
				2281CAE825107F0400AAAEDA /* LaunchScreen.storyboard in Resources */,
				2281CAE525107F0400AAAEDA /* Assets.xcassets in Resources */,
				2281CAE325107F0100AAAEDA /* Main.storyboard in Resources */,
			);
			runOnlyForDeploymentPostprocessing = 0;
		};
/* End PBXResourcesBuildPhase section */

/* Begin PBXSourcesBuildPhase section */
		2281CAD425107F0100AAAEDA /* Sources */ = {
			isa = PBXSourcesBuildPhase;
			buildActionMask = 2147483647;
			files = (
				2281CAE025107F0100AAAEDA /* ViewController.swift in Sources */,
				2281CADC25107F0100AAAEDA /* AppDelegate.swift in Sources */,
				2281CADE25107F0100AAAEDA /* SceneDelegate.swift in Sources */,
			);
			runOnlyForDeploymentPostprocessing = 0;
		};
/* End PBXSourcesBuildPhase section */

/* Begin PBXVariantGroup section */
		2281CAE125107F0100AAAEDA /* Main.storyboard */ = {
			isa = PBXVariantGroup;
			children = (
				2281CAE225107F0100AAAEDA /* Base */,
			);
			name = Main.storyboard;
			sourceTree = "<group>";
		};
		2281CAE625107F0400AAAEDA /* LaunchScreen.storyboard */ = {
			isa = PBXVariantGroup;
			children = (
				2281CAE725107F0400AAAEDA /* Base */,
			);
			name = LaunchScreen.storyboard;
			sourceTree = "<group>";
		};
/* End PBXVariantGroup section */

/* Begin XCBuildConfiguration section */
		2281CAEA25107F0400AAAEDA /* Debug */ = {
			isa = XCBuildConfiguration;
			buildSettings = {
				ALWAYS_SEARCH_USER_PATHS = NO;
				CLANG_ANALYZER_NONNULL = YES;
				CLANG_ANALYZER_NUMBER_OBJECT_CONVERSION = YES_AGGRESSIVE;
				CLANG_CXX_LANGUAGE_STANDARD = "gnu++14";
				CLANG_CXX_LIBRARY = "libc++";
				CLANG_ENABLE_MODULES = YES;
				CLANG_ENABLE_OBJC_ARC = YES;
				CLANG_ENABLE_OBJC_WEAK = YES;
				CLANG_WARN_BLOCK_CAPTURE_AUTORELEASING = YES;
				CLANG_WARN_BOOL_CONVERSION = YES;
				CLANG_WARN_COMMA = YES;
				CLANG_WARN_CONSTANT_CONVERSION = YES;
				CLANG_WARN_DEPRECATED_OBJC_IMPLEMENTATIONS = YES;
				CLANG_WARN_DIRECT_OBJC_ISA_USAGE = YES_ERROR;
				CLANG_WARN_DOCUMENTATION_COMMENTS = YES;
				CLANG_WARN_EMPTY_BODY = YES;
				CLANG_WARN_ENUM_CONVERSION = YES;
				CLANG_WARN_INFINITE_RECURSION = YES;
				CLANG_WARN_INT_CONVERSION = YES;
				CLANG_WARN_NON_LITERAL_NULL_CONVERSION = YES;
				CLANG_WARN_OBJC_IMPLICIT_RETAIN_SELF = YES;
				CLANG_WARN_OBJC_LITERAL_CONVERSION = YES;
				CLANG_WARN_OBJC_ROOT_CLASS = YES_ERROR;
				CLANG_WARN_RANGE_LOOP_ANALYSIS = YES;
				CLANG_WARN_STRICT_PROTOTYPES = YES;
				CLANG_WARN_SUSPICIOUS_MOVE = YES;
				CLANG_WARN_UNGUARDED_AVAILABILITY = YES_AGGRESSIVE;
				CLANG_WARN_UNREACHABLE_CODE = YES;
				CLANG_WARN__DUPLICATE_METHOD_MATCH = YES;
				COPY_PHASE_STRIP = NO;
				DEBUG_INFORMATION_FORMAT = dwarf;
				ENABLE_STRICT_OBJC_MSGSEND = YES;
				ENABLE_TESTABILITY = YES;
				GCC_C_LANGUAGE_STANDARD = gnu11;
				GCC_DYNAMIC_NO_PIC = NO;
				GCC_NO_COMMON_BLOCKS = YES;
				GCC_OPTIMIZATION_LEVEL = 0;
				GCC_PREPROCESSOR_DEFINITIONS = (
					"DEBUG=1",
					"$(inherited)",
				);
				GCC_WARN_64_TO_32_BIT_CONVERSION = YES;
				GCC_WARN_ABOUT_RETURN_TYPE = YES_ERROR;
				GCC_WARN_UNDECLARED_SELECTOR = YES;
				GCC_WARN_UNINITIALIZED_AUTOS = YES_AGGRESSIVE;
				GCC_WARN_UNUSED_FUNCTION = YES;
				GCC_WARN_UNUSED_VARIABLE = YES;
				IPHONEOS_DEPLOYMENT_TARGET = 13.6;
				MTL_ENABLE_DEBUG_INFO = INCLUDE_SOURCE;
				MTL_FAST_MATH = YES;
				ONLY_ACTIVE_ARCH = YES;
				SDKROOT = iphoneos;
				SWIFT_ACTIVE_COMPILATION_CONDITIONS = DEBUG;
				SWIFT_OPTIMIZATION_LEVEL = "-Onone";
			};
			name = Debug;
		};
		2281CAEB25107F0400AAAEDA /* Release */ = {
			isa = XCBuildConfiguration;
			buildSettings = {
				ALWAYS_SEARCH_USER_PATHS = NO;
				CLANG_ANALYZER_NONNULL = YES;
				CLANG_ANALYZER_NUMBER_OBJECT_CONVERSION = YES_AGGRESSIVE;
				CLANG_CXX_LANGUAGE_STANDARD = "gnu++14";
				CLANG_CXX_LIBRARY = "libc++";
				CLANG_ENABLE_MODULES = YES;
				CLANG_ENABLE_OBJC_ARC = YES;
				CLANG_ENABLE_OBJC_WEAK = YES;
				CLANG_WARN_BLOCK_CAPTURE_AUTORELEASING = YES;
				CLANG_WARN_BOOL_CONVERSION = YES;
				CLANG_WARN_COMMA = YES;
				CLANG_WARN_CONSTANT_CONVERSION = YES;
				CLANG_WARN_DEPRECATED_OBJC_IMPLEMENTATIONS = YES;
				CLANG_WARN_DIRECT_OBJC_ISA_USAGE = YES_ERROR;
				CLANG_WARN_DOCUMENTATION_COMMENTS = YES;
				CLANG_WARN_EMPTY_BODY = YES;
				CLANG_WARN_ENUM_CONVERSION = YES;
				CLANG_WARN_INFINITE_RECURSION = YES;
				CLANG_WARN_INT_CONVERSION = YES;
				CLANG_WARN_NON_LITERAL_NULL_CONVERSION = YES;
				CLANG_WARN_OBJC_IMPLICIT_RETAIN_SELF = YES;
				CLANG_WARN_OBJC_LITERAL_CONVERSION = YES;
				CLANG_WARN_OBJC_ROOT_CLASS = YES_ERROR;
				CLANG_WARN_RANGE_LOOP_ANALYSIS = YES;
				CLANG_WARN_STRICT_PROTOTYPES = YES;
				CLANG_WARN_SUSPICIOUS_MOVE = YES;
				CLANG_WARN_UNGUARDED_AVAILABILITY = YES_AGGRESSIVE;
				CLANG_WARN_UNREACHABLE_CODE = YES;
				CLANG_WARN__DUPLICATE_METHOD_MATCH = YES;
				COPY_PHASE_STRIP = NO;
				DEBUG_INFORMATION_FORMAT = "dwarf-with-dsym";
				ENABLE_NS_ASSERTIONS = NO;
				ENABLE_STRICT_OBJC_MSGSEND = YES;
				GCC_C_LANGUAGE_STANDARD = gnu11;
				GCC_NO_COMMON_BLOCKS = YES;
				GCC_WARN_64_TO_32_BIT_CONVERSION = YES;
				GCC_WARN_ABOUT_RETURN_TYPE = YES_ERROR;
				GCC_WARN_UNDECLARED_SELECTOR = YES;
				GCC_WARN_UNINITIALIZED_AUTOS = YES_AGGRESSIVE;
				GCC_WARN_UNUSED_FUNCTION = YES;
				GCC_WARN_UNUSED_VARIABLE = YES;
				IPHONEOS_DEPLOYMENT_TARGET = 13.6;
				MTL_ENABLE_DEBUG_INFO = NO;
				MTL_FAST_MATH = YES;
				SDKROOT = iphoneos;
				SWIFT_COMPILATION_MODE = wholemodule;
				SWIFT_OPTIMIZATION_LEVEL = "-O";
				VALIDATE_PRODUCT = YES;
			};
			name = Release;
		};
		2281CAED25107F0400AAAEDA /* Debug */ = {
			isa = XCBuildConfiguration;
			buildSettings = {
				ASSETCATALOG_COMPILER_APPICON_NAME = AppIcon;
				CODE_SIGN_STYLE = Automatic;
				DEVELOPMENT_TEAM = VC3TJ9N4LH;
				INFOPLIST_FILE = Dance/Info.plist;
				LD_RUNPATH_SEARCH_PATHS = (
					"$(inherited)",
					"@executable_path/Frameworks",
				);
				PRODUCT_BUNDLE_IDENTIFIER = iitu.Dance;
				PRODUCT_NAME = "$(TARGET_NAME)";
				SWIFT_VERSION = 5.0;
				TARGETED_DEVICE_FAMILY = "1,2";
			};
			name = Debug;
		};
		2281CAEE25107F0400AAAEDA /* Release */ = {
			isa = XCBuildConfiguration;
			buildSettings = {
				ASSETCATALOG_COMPILER_APPICON_NAME = AppIcon;
				CODE_SIGN_STYLE = Automatic;
				DEVELOPMENT_TEAM = VC3TJ9N4LH;
				INFOPLIST_FILE = Dance/Info.plist;
				LD_RUNPATH_SEARCH_PATHS = (
					"$(inherited)",
					"@executable_path/Frameworks",
				);
				PRODUCT_BUNDLE_IDENTIFIER = iitu.Dance;
				PRODUCT_NAME = "$(TARGET_NAME)";
				SWIFT_VERSION = 5.0;
				TARGETED_DEVICE_FAMILY = "1,2";
			};
			name = Release;
		};
/* End XCBuildConfiguration section */

/* Begin XCConfigurationList section */
		2281CAD325107F0100AAAEDA /* Build configuration list for PBXProject "Dance" */ = {
			isa = XCConfigurationList;
			buildConfigurations = (
				2281CAEA25107F0400AAAEDA /* Debug */,
				2281CAEB25107F0400AAAEDA /* Release */,
			);
			defaultConfigurationIsVisible = 0;
			defaultConfigurationName = Release;
		};
		2281CAEC25107F0400AAAEDA /* Build configuration list for PBXNativeTarget "Dance" */ = {
			isa = XCConfigurationList;
			buildConfigurations = (
				2281CAED25107F0400AAAEDA /* Debug */,
				2281CAEE25107F0400AAAEDA /* Release */,
			);
			defaultConfigurationIsVisible = 0;
			defaultConfigurationName = Release;
		};
/* End XCConfigurationList section */
	};
	rootObject = 2281CAD025107F0100AAAEDA /* Project object */;
}
